// !$*UTF8*$!
{
	archiveVersion = 1;
	classes = {
	};
	objectVersion = 56;
	objects = {

/* Begin PBXBuildFile section */
		F1B60BB32B0DC813002D21FA /* AppDelegate.swift in Sources */ = {isa = PBXBuildFile; fileRef = F1B60BB22B0DC813002D21FA /* AppDelegate.swift */; };
		F1B60BB52B0DC813002D21FA /* SceneDelegate.swift in Sources */ = {isa = PBXBuildFile; fileRef = F1B60BB42B0DC813002D21FA /* SceneDelegate.swift */; };
		F1B60BB72B0DC813002D21FA /* TrainingViewController.swift in Sources */ = {isa = PBXBuildFile; fileRef = F1B60BB62B0DC813002D21FA /* TrainingViewController.swift */; };
		F1B60BBC2B0DC815002D21FA /* Assets.xcassets in Resources */ = {isa = PBXBuildFile; fileRef = F1B60BBB2B0DC815002D21FA /* Assets.xcassets */; };
		F1B60BBF2B0DC815002D21FA /* LaunchScreen.storyboard in Resources */ = {isa = PBXBuildFile; fileRef = F1B60BBD2B0DC815002D21FA /* LaunchScreen.storyboard */; };
		F1B60BC82B0DC878002D21FA /* PageData.swift in Sources */ = {isa = PBXBuildFile; fileRef = F1B60BC72B0DC878002D21FA /* PageData.swift */; };
		F1B60BD32B0DD227002D21FA /* SFProDisplay-Ultralight.ttf in Resources */ = {isa = PBXBuildFile; fileRef = F1B60BCA2B0DD227002D21FA /* SFProDisplay-Ultralight.ttf */; };
		F1B60BD42B0DD227002D21FA /* SFProDisplay-Medium.ttf in Resources */ = {isa = PBXBuildFile; fileRef = F1B60BCB2B0DD227002D21FA /* SFProDisplay-Medium.ttf */; };
		F1B60BD52B0DD227002D21FA /* SFProDisplay-Black.ttf in Resources */ = {isa = PBXBuildFile; fileRef = F1B60BCC2B0DD227002D21FA /* SFProDisplay-Black.ttf */; };
		F1B60BD62B0DD227002D21FA /* SFProDisplay-Light.ttf in Resources */ = {isa = PBXBuildFile; fileRef = F1B60BCD2B0DD227002D21FA /* SFProDisplay-Light.ttf */; };
		F1B60BD72B0DD227002D21FA /* SFProDisplay-Regular.ttf in Resources */ = {isa = PBXBuildFile; fileRef = F1B60BCE2B0DD227002D21FA /* SFProDisplay-Regular.ttf */; };
		F1B60BD82B0DD227002D21FA /* SFProDisplay-Bold.ttf in Resources */ = {isa = PBXBuildFile; fileRef = F1B60BCF2B0DD227002D21FA /* SFProDisplay-Bold.ttf */; };
		F1B60BD92B0DD227002D21FA /* SFProDisplay-Semibold.ttf in Resources */ = {isa = PBXBuildFile; fileRef = F1B60BD02B0DD227002D21FA /* SFProDisplay-Semibold.ttf */; };
		F1B60BDA2B0DD227002D21FA /* SFProDisplay-Heavy.ttf in Resources */ = {isa = PBXBuildFile; fileRef = F1B60BD12B0DD227002D21FA /* SFProDisplay-Heavy.ttf */; };
		F1B60BDB2B0DD227002D21FA /* SFProDisplay-Thin.ttf in Resources */ = {isa = PBXBuildFile; fileRef = F1B60BD22B0DD227002D21FA /* SFProDisplay-Thin.ttf */; };
		F1B60BDE2B0DE343002D21FA /* MenuViewController.swift in Sources */ = {isa = PBXBuildFile; fileRef = F1B60BDD2B0DE343002D21FA /* MenuViewController.swift */; };
/* End PBXBuildFile section */

/* Begin PBXFileReference section */
		F1B60BAF2B0DC813002D21FA /* NomadFriends.app */ = {isa = PBXFileReference; explicitFileType = wrapper.application; includeInIndex = 0; path = NomadFriends.app; sourceTree = BUILT_PRODUCTS_DIR; };
		F1B60BB22B0DC813002D21FA /* AppDelegate.swift */ = {isa = PBXFileReference; lastKnownFileType = sourcecode.swift; path = AppDelegate.swift; sourceTree = "<group>"; };
		F1B60BB42B0DC813002D21FA /* SceneDelegate.swift */ = {isa = PBXFileReference; lastKnownFileType = sourcecode.swift; path = SceneDelegate.swift; sourceTree = "<group>"; };
		F1B60BB62B0DC813002D21FA /* TrainingViewController.swift */ = {isa = PBXFileReference; lastKnownFileType = sourcecode.swift; path = TrainingViewController.swift; sourceTree = "<group>"; };
		F1B60BBB2B0DC815002D21FA /* Assets.xcassets */ = {isa = PBXFileReference; lastKnownFileType = folder.assetcatalog; path = Assets.xcassets; sourceTree = "<group>"; };
		F1B60BBE2B0DC815002D21FA /* Base */ = {isa = PBXFileReference; lastKnownFileType = file.storyboard; name = Base; path = Base.lproj/LaunchScreen.storyboard; sourceTree = "<group>"; };
		F1B60BC02B0DC815002D21FA /* Info.plist */ = {isa = PBXFileReference; lastKnownFileType = text.plist.xml; path = Info.plist; sourceTree = "<group>"; };
		F1B60BC72B0DC878002D21FA /* PageData.swift */ = {isa = PBXFileReference; lastKnownFileType = sourcecode.swift; path = PageData.swift; sourceTree = "<group>"; };
		F1B60BCA2B0DD227002D21FA /* SFProDisplay-Ultralight.ttf */ = {isa = PBXFileReference; lastKnownFileType = file; path = "SFProDisplay-Ultralight.ttf"; sourceTree = "<group>"; };
		F1B60BCB2B0DD227002D21FA /* SFProDisplay-Medium.ttf */ = {isa = PBXFileReference; lastKnownFileType = file; path = "SFProDisplay-Medium.ttf"; sourceTree = "<group>"; };
		F1B60BCC2B0DD227002D21FA /* SFProDisplay-Black.ttf */ = {isa = PBXFileReference; lastKnownFileType = file; path = "SFProDisplay-Black.ttf"; sourceTree = "<group>"; };
		F1B60BCD2B0DD227002D21FA /* SFProDisplay-Light.ttf */ = {isa = PBXFileReference; lastKnownFileType = file; path = "SFProDisplay-Light.ttf"; sourceTree = "<group>"; };
		F1B60BCE2B0DD227002D21FA /* SFProDisplay-Regular.ttf */ = {isa = PBXFileReference; lastKnownFileType = file; path = "SFProDisplay-Regular.ttf"; sourceTree = "<group>"; };
		F1B60BCF2B0DD227002D21FA /* SFProDisplay-Bold.ttf */ = {isa = PBXFileReference; lastKnownFileType = file; path = "SFProDisplay-Bold.ttf"; sourceTree = "<group>"; };
		F1B60BD02B0DD227002D21FA /* SFProDisplay-Semibold.ttf */ = {isa = PBXFileReference; lastKnownFileType = file; path = "SFProDisplay-Semibold.ttf"; sourceTree = "<group>"; };
		F1B60BD12B0DD227002D21FA /* SFProDisplay-Heavy.ttf */ = {isa = PBXFileReference; lastKnownFileType = file; path = "SFProDisplay-Heavy.ttf"; sourceTree = "<group>"; };
		F1B60BD22B0DD227002D21FA /* SFProDisplay-Thin.ttf */ = {isa = PBXFileReference; lastKnownFileType = file; path = "SFProDisplay-Thin.ttf"; sourceTree = "<group>"; };
		F1B60BDD2B0DE343002D21FA /* MenuViewController.swift */ = {isa = PBXFileReference; lastKnownFileType = sourcecode.swift; path = MenuViewController.swift; sourceTree = "<group>"; };
/* End PBXFileReference section */

/* Begin PBXFrameworksBuildPhase section */
		F1B60BAC2B0DC813002D21FA /* Frameworks */ = {
			isa = PBXFrameworksBuildPhase;
			buildActionMask = 2147483647;
			files = (
			);
			runOnlyForDeploymentPostprocessing = 0;
		};
/* End PBXFrameworksBuildPhase section */

/* Begin PBXGroup section */
		F1B60BA62B0DC813002D21FA = {
			isa = PBXGroup;
			children = (
				F1B60BB12B0DC813002D21FA /* NomadFriends */,
				F1B60BB02B0DC813002D21FA /* Products */,
			);
			sourceTree = "<group>";
		};
		F1B60BB02B0DC813002D21FA /* Products */ = {
			isa = PBXGroup;
			children = (
				F1B60BAF2B0DC813002D21FA /* NomadFriends.app */,
			);
			name = Products;
			sourceTree = "<group>";
		};
		F1B60BB12B0DC813002D21FA /* NomadFriends */ = {
			isa = PBXGroup;
			children = (
				F1B60BC92B0DD227002D21FA /* Fonts */,
				F1B60BB22B0DC813002D21FA /* AppDelegate.swift */,
				F1B60BB42B0DC813002D21FA /* SceneDelegate.swift */,
				F1B60BC62B0DC86C002D21FA /* Training */,
				F1B60BDC2B0DE285002D21FA /* Menu */,
				F1B60BBB2B0DC815002D21FA /* Assets.xcassets */,
				F1B60BBD2B0DC815002D21FA /* LaunchScreen.storyboard */,
				F1B60BC02B0DC815002D21FA /* Info.plist */,
			);
			path = NomadFriends;
			sourceTree = "<group>";
		};
		F1B60BC62B0DC86C002D21FA /* Training */ = {
			isa = PBXGroup;
			children = (
				F1B60BB62B0DC813002D21FA /* TrainingViewController.swift */,
				F1B60BC72B0DC878002D21FA /* PageData.swift */,
			);
			path = Training;
			sourceTree = "<group>";
		};
		F1B60BC92B0DD227002D21FA /* Fonts */ = {
			isa = PBXGroup;
			children = (
				F1B60BCA2B0DD227002D21FA /* SFProDisplay-Ultralight.ttf */,
				F1B60BCB2B0DD227002D21FA /* SFProDisplay-Medium.ttf */,
				F1B60BCC2B0DD227002D21FA /* SFProDisplay-Black.ttf */,
				F1B60BCD2B0DD227002D21FA /* SFProDisplay-Light.ttf */,
				F1B60BCE2B0DD227002D21FA /* SFProDisplay-Regular.ttf */,
				F1B60BCF2B0DD227002D21FA /* SFProDisplay-Bold.ttf */,
				F1B60BD02B0DD227002D21FA /* SFProDisplay-Semibold.ttf */,
				F1B60BD12B0DD227002D21FA /* SFProDisplay-Heavy.ttf */,
				F1B60BD22B0DD227002D21FA /* SFProDisplay-Thin.ttf */,
			);
			path = Fonts;
			sourceTree = "<group>";
		};
		F1B60BDC2B0DE285002D21FA /* Menu */ = {
			isa = PBXGroup;
			children = (
				F1B60BDD2B0DE343002D21FA /* MenuViewController.swift */,
			);
			path = Menu;
			sourceTree = "<group>";
		};
/* End PBXGroup section */

/* Begin PBXNativeTarget section */
		F1B60BAE2B0DC813002D21FA /* NomadFriends */ = {
			isa = PBXNativeTarget;
			buildConfigurationList = F1B60BC32B0DC815002D21FA /* Build configuration list for PBXNativeTarget "NomadFriends" */;
			buildPhases = (
				F1B60BAB2B0DC813002D21FA /* Sources */,
				F1B60BAC2B0DC813002D21FA /* Frameworks */,
				F1B60BAD2B0DC813002D21FA /* Resources */,
			);
			buildRules = (
			);
			dependencies = (
			);
			name = NomadFriends;
			productName = NomadFriends;
			productReference = F1B60BAF2B0DC813002D21FA /* NomadFriends.app */;
			productType = "com.apple.product-type.application";
		};
/* End PBXNativeTarget section */

/* Begin PBXProject section */
		F1B60BA72B0DC813002D21FA /* Project object */ = {
			isa = PBXProject;
			attributes = {
				BuildIndependentTargetsInParallel = 1;
				LastSwiftUpdateCheck = 1500;
				LastUpgradeCheck = 1500;
				TargetAttributes = {
					F1B60BAE2B0DC813002D21FA = {
						CreatedOnToolsVersion = 15.0.1;
					};
				};
			};
			buildConfigurationList = F1B60BAA2B0DC813002D21FA /* Build configuration list for PBXProject "NomadFriends" */;
			compatibilityVersion = "Xcode 14.0";
			developmentRegion = en;
			hasScannedForEncodings = 0;
			knownRegions = (
				en,
				Base,
			);
			mainGroup = F1B60BA62B0DC813002D21FA;
			productRefGroup = F1B60BB02B0DC813002D21FA /* Products */;
			projectDirPath = "";
			projectRoot = "";
			targets = (
				F1B60BAE2B0DC813002D21FA /* NomadFriends */,
			);
		};
/* End PBXProject section */

/* Begin PBXResourcesBuildPhase section */
		F1B60BAD2B0DC813002D21FA /* Resources */ = {
			isa = PBXResourcesBuildPhase;
			buildActionMask = 2147483647;
			files = (
				F1B60BDA2B0DD227002D21FA /* SFProDisplay-Heavy.ttf in Resources */,
				F1B60BBF2B0DC815002D21FA /* LaunchScreen.storyboard in Resources */,
				F1B60BD92B0DD227002D21FA /* SFProDisplay-Semibold.ttf in Resources */,
				F1B60BD42B0DD227002D21FA /* SFProDisplay-Medium.ttf in Resources */,
				F1B60BD32B0DD227002D21FA /* SFProDisplay-Ultralight.ttf in Resources */,
				F1B60BDB2B0DD227002D21FA /* SFProDisplay-Thin.ttf in Resources */,
				F1B60BD72B0DD227002D21FA /* SFProDisplay-Regular.ttf in Resources */,
				F1B60BD62B0DD227002D21FA /* SFProDisplay-Light.ttf in Resources */,
				F1B60BBC2B0DC815002D21FA /* Assets.xcassets in Resources */,
				F1B60BD52B0DD227002D21FA /* SFProDisplay-Black.ttf in Resources */,
				F1B60BD82B0DD227002D21FA /* SFProDisplay-Bold.ttf in Resources */,
			);
			runOnlyForDeploymentPostprocessing = 0;
		};
/* End PBXResourcesBuildPhase section */

/* Begin PBXSourcesBuildPhase section */
		F1B60BAB2B0DC813002D21FA /* Sources */ = {
			isa = PBXSourcesBuildPhase;
			buildActionMask = 2147483647;
			files = (
				F1B60BC82B0DC878002D21FA /* PageData.swift in Sources */,
				F1B60BDE2B0DE343002D21FA /* MenuViewController.swift in Sources */,
				F1B60BB72B0DC813002D21FA /* TrainingViewController.swift in Sources */,
				F1B60BB32B0DC813002D21FA /* AppDelegate.swift in Sources */,
				F1B60BB52B0DC813002D21FA /* SceneDelegate.swift in Sources */,
			);
			runOnlyForDeploymentPostprocessing = 0;
		};
/* End PBXSourcesBuildPhase section */

/* Begin PBXVariantGroup section */
		F1B60BBD2B0DC815002D21FA /* LaunchScreen.storyboard */ = {
			isa = PBXVariantGroup;
			children = (
				F1B60BBE2B0DC815002D21FA /* Base */,
			);
			name = LaunchScreen.storyboard;
			sourceTree = "<group>";
		};
/* End PBXVariantGroup section */

/* Begin XCBuildConfiguration section */
		F1B60BC12B0DC815002D21FA /* Debug */ = {
			isa = XCBuildConfiguration;
			buildSettings = {
				ALWAYS_SEARCH_USER_PATHS = NO;
				ASSETCATALOG_COMPILER_GENERATE_SWIFT_ASSET_SYMBOL_EXTENSIONS = YES;
				CLANG_ANALYZER_NONNULL = YES;
				CLANG_ANALYZER_NUMBER_OBJECT_CONVERSION = YES_AGGRESSIVE;
				CLANG_CXX_LANGUAGE_STANDARD = "gnu++20";
				CLANG_ENABLE_MODULES = YES;
				CLANG_ENABLE_OBJC_ARC = YES;
				CLANG_ENABLE_OBJC_WEAK = YES;
				CLANG_WARN_BLOCK_CAPTURE_AUTORELEASING = YES;
				CLANG_WARN_BOOL_CONVERSION = YES;
				CLANG_WARN_COMMA = YES;
				CLANG_WARN_CONSTANT_CONVERSION = YES;
				CLANG_WARN_DEPRECATED_OBJC_IMPLEMENTATIONS = YES;
				CLANG_WARN_DIRECT_OBJC_ISA_USAGE = YES_ERROR;
				CLANG_WARN_DOCUMENTATION_COMMENTS = YES;
				CLANG_WARN_EMPTY_BODY = YES;
				CLANG_WARN_ENUM_CONVERSION = YES;
				CLANG_WARN_INFINITE_RECURSION = YES;
				CLANG_WARN_INT_CONVERSION = YES;
				CLANG_WARN_NON_LITERAL_NULL_CONVERSION = YES;
				CLANG_WARN_OBJC_IMPLICIT_RETAIN_SELF = YES;
				CLANG_WARN_OBJC_LITERAL_CONVERSION = YES;
				CLANG_WARN_OBJC_ROOT_CLASS = YES_ERROR;
				CLANG_WARN_QUOTED_INCLUDE_IN_FRAMEWORK_HEADER = YES;
				CLANG_WARN_RANGE_LOOP_ANALYSIS = YES;
				CLANG_WARN_STRICT_PROTOTYPES = YES;
				CLANG_WARN_SUSPICIOUS_MOVE = YES;
				CLANG_WARN_UNGUARDED_AVAILABILITY = YES_AGGRESSIVE;
				CLANG_WARN_UNREACHABLE_CODE = YES;
				CLANG_WARN__DUPLICATE_METHOD_MATCH = YES;
				COPY_PHASE_STRIP = NO;
				DEBUG_INFORMATION_FORMAT = dwarf;
				ENABLE_STRICT_OBJC_MSGSEND = YES;
				ENABLE_TESTABILITY = YES;
				ENABLE_USER_SCRIPT_SANDBOXING = YES;
				GCC_C_LANGUAGE_STANDARD = gnu17;
				GCC_DYNAMIC_NO_PIC = NO;
				GCC_NO_COMMON_BLOCKS = YES;
				GCC_OPTIMIZATION_LEVEL = 0;
				GCC_PREPROCESSOR_DEFINITIONS = (
					"DEBUG=1",
					"$(inherited)",
				);
				GCC_WARN_64_TO_32_BIT_CONVERSION = YES;
				GCC_WARN_ABOUT_RETURN_TYPE = YES_ERROR;
				GCC_WARN_UNDECLARED_SELECTOR = YES;
				GCC_WARN_UNINITIALIZED_AUTOS = YES_AGGRESSIVE;
				GCC_WARN_UNUSED_FUNCTION = YES;
				GCC_WARN_UNUSED_VARIABLE = YES;
				IPHONEOS_DEPLOYMENT_TARGET = 17.0;
				LOCALIZATION_PREFERS_STRING_CATALOGS = YES;
				MTL_ENABLE_DEBUG_INFO = INCLUDE_SOURCE;
				MTL_FAST_MATH = YES;
				ONLY_ACTIVE_ARCH = YES;
				SDKROOT = iphoneos;
				SWIFT_ACTIVE_COMPILATION_CONDITIONS = "DEBUG $(inherited)";
				SWIFT_OPTIMIZATION_LEVEL = "-Onone";
			};
			name = Debug;
		};
		F1B60BC22B0DC815002D21FA /* Release */ = {
			isa = XCBuildConfiguration;
			buildSettings = {
				ALWAYS_SEARCH_USER_PATHS = NO;
				ASSETCATALOG_COMPILER_GENERATE_SWIFT_ASSET_SYMBOL_EXTENSIONS = YES;
				CLANG_ANALYZER_NONNULL = YES;
				CLANG_ANALYZER_NUMBER_OBJECT_CONVERSION = YES_AGGRESSIVE;
				CLANG_CXX_LANGUAGE_STANDARD = "gnu++20";
				CLANG_ENABLE_MODULES = YES;
				CLANG_ENABLE_OBJC_ARC = YES;
				CLANG_ENABLE_OBJC_WEAK = YES;
				CLANG_WARN_BLOCK_CAPTURE_AUTORELEASING = YES;
				CLANG_WARN_BOOL_CONVERSION = YES;
				CLANG_WARN_COMMA = YES;
				CLANG_WARN_CONSTANT_CONVERSION = YES;
				CLANG_WARN_DEPRECATED_OBJC_IMPLEMENTATIONS = YES;
				CLANG_WARN_DIRECT_OBJC_ISA_USAGE = YES_ERROR;
				CLANG_WARN_DOCUMENTATION_COMMENTS = YES;
				CLANG_WARN_EMPTY_BODY = YES;
				CLANG_WARN_ENUM_CONVERSION = YES;
				CLANG_WARN_INFINITE_RECURSION = YES;
				CLANG_WARN_INT_CONVERSION = YES;
				CLANG_WARN_NON_LITERAL_NULL_CONVERSION = YES;
				CLANG_WARN_OBJC_IMPLICIT_RETAIN_SELF = YES;
				CLANG_WARN_OBJC_LITERAL_CONVERSION = YES;
				CLANG_WARN_OBJC_ROOT_CLASS = YES_ERROR;
				CLANG_WARN_QUOTED_INCLUDE_IN_FRAMEWORK_HEADER = YES;
				CLANG_WARN_RANGE_LOOP_ANALYSIS = YES;
				CLANG_WARN_STRICT_PROTOTYPES = YES;
				CLANG_WARN_SUSPICIOUS_MOVE = YES;
				CLANG_WARN_UNGUARDED_AVAILABILITY = YES_AGGRESSIVE;
				CLANG_WARN_UNREACHABLE_CODE = YES;
				CLANG_WARN__DUPLICATE_METHOD_MATCH = YES;
				COPY_PHASE_STRIP = NO;
				DEBUG_INFORMATION_FORMAT = "dwarf-with-dsym";
				ENABLE_NS_ASSERTIONS = NO;
				ENABLE_STRICT_OBJC_MSGSEND = YES;
				ENABLE_USER_SCRIPT_SANDBOXING = YES;
				GCC_C_LANGUAGE_STANDARD = gnu17;
				GCC_NO_COMMON_BLOCKS = YES;
				GCC_WARN_64_TO_32_BIT_CONVERSION = YES;
				GCC_WARN_ABOUT_RETURN_TYPE = YES_ERROR;
				GCC_WARN_UNDECLARED_SELECTOR = YES;
				GCC_WARN_UNINITIALIZED_AUTOS = YES_AGGRESSIVE;
				GCC_WARN_UNUSED_FUNCTION = YES;
				GCC_WARN_UNUSED_VARIABLE = YES;
				IPHONEOS_DEPLOYMENT_TARGET = 17.0;
				LOCALIZATION_PREFERS_STRING_CATALOGS = YES;
				MTL_ENABLE_DEBUG_INFO = NO;
				MTL_FAST_MATH = YES;
				SDKROOT = iphoneos;
				SWIFT_COMPILATION_MODE = wholemodule;
				VALIDATE_PRODUCT = YES;
			};
			name = Release;
		};
		F1B60BC42B0DC815002D21FA /* Debug */ = {
			isa = XCBuildConfiguration;
			buildSettings = {
				ASSETCATALOG_COMPILER_APPICON_NAME = AppIcon;
				ASSETCATALOG_COMPILER_GLOBAL_ACCENT_COLOR_NAME = AccentColor;
				CODE_SIGN_STYLE = Automatic;
				CURRENT_PROJECT_VERSION = 1;
				DEVELOPMENT_TEAM = 66V736J4F3;
				GENERATE_INFOPLIST_FILE = YES;
				INFOPLIST_FILE = NomadFriends/Info.plist;
				INFOPLIST_KEY_UIApplicationSupportsIndirectInputEvents = YES;
				INFOPLIST_KEY_UILaunchStoryboardName = LaunchScreen;
				INFOPLIST_KEY_UISupportedInterfaceOrientations_iPad = "UIInterfaceOrientationPortrait UIInterfaceOrientationPortraitUpsideDown UIInterfaceOrientationLandscapeLeft UIInterfaceOrientationLandscapeRight";
				INFOPLIST_KEY_UISupportedInterfaceOrientations_iPhone = "UIInterfaceOrientationPortrait UIInterfaceOrientationLandscapeLeft UIInterfaceOrientationLandscapeRight";
				LD_RUNPATH_SEARCH_PATHS = (
					"$(inherited)",
					"@executable_path/Frameworks",
				);
				MARKETING_VERSION = 1.0;
				PRODUCT_BUNDLE_IDENTIFIER = com.example.NomadFriends;
				PRODUCT_NAME = "$(TARGET_NAME)";
				SWIFT_EMIT_LOC_STRINGS = YES;
				SWIFT_VERSION = 5.0;
				TARGETED_DEVICE_FAMILY = "1,2";
			};
			name = Debug;
		};
		F1B60BC52B0DC815002D21FA /* Release */ = {
			isa = XCBuildConfiguration;
			buildSettings = {
				ASSETCATALOG_COMPILER_APPICON_NAME = AppIcon;
				ASSETCATALOG_COMPILER_GLOBAL_ACCENT_COLOR_NAME = AccentColor;
				CODE_SIGN_STYLE = Automatic;
				CURRENT_PROJECT_VERSION = 1;
				DEVELOPMENT_TEAM = 66V736J4F3;
				GENERATE_INFOPLIST_FILE = YES;
				INFOPLIST_FILE = NomadFriends/Info.plist;
				INFOPLIST_KEY_UIApplicationSupportsIndirectInputEvents = YES;
				INFOPLIST_KEY_UILaunchStoryboardName = LaunchScreen;
				INFOPLIST_KEY_UISupportedInterfaceOrientations_iPad = "UIInterfaceOrientationPortrait UIInterfaceOrientationPortraitUpsideDown UIInterfaceOrientationLandscapeLeft UIInterfaceOrientationLandscapeRight";
				INFOPLIST_KEY_UISupportedInterfaceOrientations_iPhone = "UIInterfaceOrientationPortrait UIInterfaceOrientationLandscapeLeft UIInterfaceOrientationLandscapeRight";
				LD_RUNPATH_SEARCH_PATHS = (
					"$(inherited)",
					"@executable_path/Frameworks",
				);
				MARKETING_VERSION = 1.0;
				PRODUCT_BUNDLE_IDENTIFIER = com.example.NomadFriends;
				PRODUCT_NAME = "$(TARGET_NAME)";
				SWIFT_EMIT_LOC_STRINGS = YES;
				SWIFT_VERSION = 5.0;
				TARGETED_DEVICE_FAMILY = "1,2";
			};
			name = Release;
		};
/* End XCBuildConfiguration section */

/* Begin XCConfigurationList section */
		F1B60BAA2B0DC813002D21FA /* Build configuration list for PBXProject "NomadFriends" */ = {
			isa = XCConfigurationList;
			buildConfigurations = (
				F1B60BC12B0DC815002D21FA /* Debug */,
				F1B60BC22B0DC815002D21FA /* Release */,
			);
			defaultConfigurationIsVisible = 0;
			defaultConfigurationName = Release;
		};
		F1B60BC32B0DC815002D21FA /* Build configuration list for PBXNativeTarget "NomadFriends" */ = {
			isa = XCConfigurationList;
			buildConfigurations = (
				F1B60BC42B0DC815002D21FA /* Debug */,
				F1B60BC52B0DC815002D21FA /* Release */,
			);
			defaultConfigurationIsVisible = 0;
			defaultConfigurationName = Release;
		};
/* End XCConfigurationList section */
	};
	rootObject = F1B60BA72B0DC813002D21FA /* Project object */;
}
